
Microsoft Visual Studio Solution File, Format Version 12.00
# Visual Studio Version 17
VisualStudioVersion = 17.3.32901.215
MinimumVisualStudioVersion = 10.0.40219.1
Project("{FAE04EC0-301F-11D3-BF4B-00C04F79EFBC}") = "PP_Lab3", "PP_Lab3\PP_Lab3.csproj", "{B9F23A70-7FC0-44C2-B724-57B405D220AB}"
EndProject
Global
	GlobalSection(SolutionConfigurationPlatforms) = preSolution
		Debug|Any CPU = Debug|Any CPU
		Release|Any CPU = Release|Any CPU
	EndGlobalSection
	GlobalSection(ProjectConfigurationPlatforms) = postSolution
		{B9F23A70-7FC0-44C2-B724-57B405D220AB}.Debug|Any CPU.ActiveCfg = Debug|Any CPU
		{B9F23A70-7FC0-44C2-B724-57B405D220AB}.Debug|Any CPU.Build.0 = Debug|Any CPU
		{B9F23A70-7FC0-44C2-B724-57B405D220AB}.Release|Any CPU.ActiveCfg = Release|Any CPU
		{B9F23A70-7FC0-44C2-B724-57B405D220AB}.Release|Any CPU.Build.0 = Release|Any CPU
	EndGlobalSection
	GlobalSection(SolutionProperties) = preSolution
		HideSolutionNode = FALSE
	EndGlobalSection
	GlobalSection(ExtensibilityGlobals) = postSolution
		SolutionGuid = {0D5751D6-1E8C-4016-966E-7478CFF9AD7E}
	EndGlobalSection
EndGlobal
