
Microsoft Visual Studio Solution File, Format Version 12.00
# Visual Studio Version 17
VisualStudioVersion = 17.3.32901.215
MinimumVisualStudioVersion = 10.0.40219.1
Project("{FAE04EC0-301F-11D3-BF4B-00C04F79EFBC}") = "PP_Lab8", "PP_Lab8\PP_Lab8.csproj", "{D2932644-6D9F-4285-8D1D-AD1D283F4178}"
EndProject
Global
	GlobalSection(SolutionConfigurationPlatforms) = preSolution
		Debug|Any CPU = Debug|Any CPU
		Release|Any CPU = Release|Any CPU
	EndGlobalSection
	GlobalSection(ProjectConfigurationPlatforms) = postSolution
		{D2932644-6D9F-4285-8D1D-AD1D283F4178}.Debug|Any CPU.ActiveCfg = Debug|Any CPU
		{D2932644-6D9F-4285-8D1D-AD1D283F4178}.Debug|Any CPU.Build.0 = Debug|Any CPU
		{D2932644-6D9F-4285-8D1D-AD1D283F4178}.Release|Any CPU.ActiveCfg = Release|Any CPU
		{D2932644-6D9F-4285-8D1D-AD1D283F4178}.Release|Any CPU.Build.0 = Release|Any CPU
	EndGlobalSection
	GlobalSection(SolutionProperties) = preSolution
		HideSolutionNode = FALSE
	EndGlobalSection
	GlobalSection(ExtensibilityGlobals) = postSolution
		SolutionGuid = {EDFB9A22-D4B8-47E6-A1AF-268C6713CFB1}
	EndGlobalSection
EndGlobal
