
Microsoft Visual Studio Solution File, Format Version 12.00
# Visual Studio Version 17
VisualStudioVersion = 17.3.32901.215
MinimumVisualStudioVersion = 10.0.40219.1
Project("{FAE04EC0-301F-11D3-BF4B-00C04F79EFBC}") = "PP_Lab4", "PP_Lab4\PP_Lab4.csproj", "{730F2924-4DC6-40DA-A192-E11D99E73466}"
EndProject
Global
	GlobalSection(SolutionConfigurationPlatforms) = preSolution
		Debug|Any CPU = Debug|Any CPU
		Release|Any CPU = Release|Any CPU
	EndGlobalSection
	GlobalSection(ProjectConfigurationPlatforms) = postSolution
		{730F2924-4DC6-40DA-A192-E11D99E73466}.Debug|Any CPU.ActiveCfg = Debug|Any CPU
		{730F2924-4DC6-40DA-A192-E11D99E73466}.Debug|Any CPU.Build.0 = Debug|Any CPU
		{730F2924-4DC6-40DA-A192-E11D99E73466}.Release|Any CPU.ActiveCfg = Release|Any CPU
		{730F2924-4DC6-40DA-A192-E11D99E73466}.Release|Any CPU.Build.0 = Release|Any CPU
	EndGlobalSection
	GlobalSection(SolutionProperties) = preSolution
		HideSolutionNode = FALSE
	EndGlobalSection
	GlobalSection(ExtensibilityGlobals) = postSolution
		SolutionGuid = {68FDEF39-B63B-4263-BD81-B1BB33BA42F5}
	EndGlobalSection
EndGlobal
